// !$*UTF8*$!
{
	archiveVersion = 1;
	classes = {
	};
	objectVersion = 46;
	objects = {

/* Begin PBXBuildFile section */
		CCC1ED621BC63F9A0050395D /* main.m in Sources */ = {isa = PBXBuildFile; fileRef = CCC1ED611BC63F9A0050395D /* main.m */; };
		CCC1ED651BC63F9A0050395D /* AppDelegate.m in Sources */ = {isa = PBXBuildFile; fileRef = CCC1ED641BC63F9A0050395D /* AppDelegate.m */; };
		CCC1ED681BC63F9A0050395D /* ViewController.m in Sources */ = {isa = PBXBuildFile; fileRef = CCC1ED671BC63F9A0050395D /* ViewController.m */; };
		CCC1ED6B1BC63F9A0050395D /* Main.storyboard in Resources */ = {isa = PBXBuildFile; fileRef = CCC1ED691BC63F9A0050395D /* Main.storyboard */; };
		CCC1ED6D1BC63F9A0050395D /* Images.xcassets in Resources */ = {isa = PBXBuildFile; fileRef = CCC1ED6C1BC63F9A0050395D /* Images.xcassets */; };
		CCC1ED701BC63F9A0050395D /* LaunchScreen.xib in Resources */ = {isa = PBXBuildFile; fileRef = CCC1ED6E1BC63F9A0050395D /* LaunchScreen.xib */; };
		CCC1ED7C1BC63F9A0050395D /* TwilinItTests.m in Sources */ = {isa = PBXBuildFile; fileRef = CCC1ED7B1BC63F9A0050395D /* TwilinItTests.m */; };
/* End PBXBuildFile section */

/* Begin PBXContainerItemProxy section */
		CCC1ED761BC63F9A0050395D /* PBXContainerItemProxy */ = {
			isa = PBXContainerItemProxy;
			containerPortal = CCC1ED541BC63F9A0050395D /* Project object */;
			proxyType = 1;
			remoteGlobalIDString = CCC1ED5B1BC63F9A0050395D;
			remoteInfo = TwilinIt;
		};
/* End PBXContainerItemProxy section */

/* Begin PBXFileReference section */
		CCC1ED5C1BC63F9A0050395D /* TwilinIt.app */ = {isa = PBXFileReference; explicitFileType = wrapper.application; includeInIndex = 0; path = TwilinIt.app; sourceTree = BUILT_PRODUCTS_DIR; };
		CCC1ED601BC63F9A0050395D /* Info.plist */ = {isa = PBXFileReference; lastKnownFileType = text.plist.xml; path = Info.plist; sourceTree = "<group>"; };
		CCC1ED611BC63F9A0050395D /* main.m */ = {isa = PBXFileReference; lastKnownFileType = sourcecode.c.objc; path = main.m; sourceTree = "<group>"; };
		CCC1ED631BC63F9A0050395D /* AppDelegate.h */ = {isa = PBXFileReference; lastKnownFileType = sourcecode.c.h; path = AppDelegate.h; sourceTree = "<group>"; };
		CCC1ED641BC63F9A0050395D /* AppDelegate.m */ = {isa = PBXFileReference; lastKnownFileType = sourcecode.c.objc; path = AppDelegate.m; sourceTree = "<group>"; };
		CCC1ED661BC63F9A0050395D /* ViewController.h */ = {isa = PBXFileReference; lastKnownFileType = sourcecode.c.h; path = ViewController.h; sourceTree = "<group>"; };
		CCC1ED671BC63F9A0050395D /* ViewController.m */ = {isa = PBXFileReference; lastKnownFileType = sourcecode.c.objc; path = ViewController.m; sourceTree = "<group>"; };
		CCC1ED6A1BC63F9A0050395D /* Base */ = {isa = PBXFileReference; lastKnownFileType = file.storyboard; name = Base; path = Base.lproj/Main.storyboard; sourceTree = "<group>"; };
		CCC1ED6C1BC63F9A0050395D /* Images.xcassets */ = {isa = PBXFileReference; lastKnownFileType = folder.assetcatalog; path = Images.xcassets; sourceTree = "<group>"; };
		CCC1ED6F1BC63F9A0050395D /* Base */ = {isa = PBXFileReference; lastKnownFileType = file.xib; name = Base; path = Base.lproj/LaunchScreen.xib; sourceTree = "<group>"; };
		CCC1ED751BC63F9A0050395D /* TwilinItTests.xctest */ = {isa = PBXFileReference; explicitFileType = wrapper.cfbundle; includeInIndex = 0; path = TwilinItTests.xctest; sourceTree = BUILT_PRODUCTS_DIR; };
		CCC1ED7A1BC63F9A0050395D /* Info.plist */ = {isa = PBXFileReference; lastKnownFileType = text.plist.xml; path = Info.plist; sourceTree = "<group>"; };
		CCC1ED7B1BC63F9A0050395D /* TwilinItTests.m */ = {isa = PBXFileReference; lastKnownFileType = sourcecode.c.objc; path = TwilinItTests.m; sourceTree = "<group>"; };
/* End PBXFileReference section */

/* Begin PBXFrameworksBuildPhase section */
		CCC1ED591BC63F9A0050395D /* Frameworks */ = {
			isa = PBXFrameworksBuildPhase;
			buildActionMask = 2147483647;
			files = (
			);
			runOnlyForDeploymentPostprocessing = 0;
		};
		CCC1ED721BC63F9A0050395D /* Frameworks */ = {
			isa = PBXFrameworksBuildPhase;
			buildActionMask = 2147483647;
			files = (
			);
			runOnlyForDeploymentPostprocessing = 0;
		};
/* End PBXFrameworksBuildPhase section */

/* Begin PBXGroup section */
		CCC1ED531BC63F9A0050395D = {
			isa = PBXGroup;
			children = (
				CCC1ED5E1BC63F9A0050395D /* TwilinIt */,
				CCC1ED781BC63F9A0050395D /* TwilinItTests */,
				CCC1ED5D1BC63F9A0050395D /* Products */,
			);
			sourceTree = "<group>";
		};
		CCC1ED5D1BC63F9A0050395D /* Products */ = {
			isa = PBXGroup;
			children = (
				CCC1ED5C1BC63F9A0050395D /* TwilinIt.app */,
				CCC1ED751BC63F9A0050395D /* TwilinItTests.xctest */,
			);
			name = Products;
			sourceTree = "<group>";
		};
		CCC1ED5E1BC63F9A0050395D /* TwilinIt */ = {
			isa = PBXGroup;
			children = (
				CCC1ED631BC63F9A0050395D /* AppDelegate.h */,
				CCC1ED641BC63F9A0050395D /* AppDelegate.m */,
				CCC1ED661BC63F9A0050395D /* ViewController.h */,
				CCC1ED671BC63F9A0050395D /* ViewController.m */,
				CCC1ED691BC63F9A0050395D /* Main.storyboard */,
				CCC1ED6C1BC63F9A0050395D /* Images.xcassets */,
				CCC1ED6E1BC63F9A0050395D /* LaunchScreen.xib */,
				CCC1ED5F1BC63F9A0050395D /* Supporting Files */,
			);
			path = TwilinIt;
			sourceTree = "<group>";
		};
		CCC1ED5F1BC63F9A0050395D /* Supporting Files */ = {
			isa = PBXGroup;
			children = (
				CCC1ED601BC63F9A0050395D /* Info.plist */,
				CCC1ED611BC63F9A0050395D /* main.m */,
			);
			name = "Supporting Files";
			sourceTree = "<group>";
		};
		CCC1ED781BC63F9A0050395D /* TwilinItTests */ = {
			isa = PBXGroup;
			children = (
				CCC1ED7B1BC63F9A0050395D /* TwilinItTests.m */,
				CCC1ED791BC63F9A0050395D /* Supporting Files */,
			);
			path = TwilinItTests;
			sourceTree = "<group>";
		};
		CCC1ED791BC63F9A0050395D /* Supporting Files */ = {
			isa = PBXGroup;
			children = (
				CCC1ED7A1BC63F9A0050395D /* Info.plist */,
			);
			name = "Supporting Files";
			sourceTree = "<group>";
		};
/* End PBXGroup section */

/* Begin PBXNativeTarget section */
		CCC1ED5B1BC63F9A0050395D /* TwilinIt */ = {
			isa = PBXNativeTarget;
			buildConfigurationList = CCC1ED7F1BC63F9A0050395D /* Build configuration list for PBXNativeTarget "TwilinIt" */;
			buildPhases = (
				CCC1ED581BC63F9A0050395D /* Sources */,
				CCC1ED591BC63F9A0050395D /* Frameworks */,
				CCC1ED5A1BC63F9A0050395D /* Resources */,
			);
			buildRules = (
			);
			dependencies = (
			);
			name = TwilinIt;
			productName = TwilinIt;
			productReference = CCC1ED5C1BC63F9A0050395D /* TwilinIt.app */;
			productType = "com.apple.product-type.application";
		};
		CCC1ED741BC63F9A0050395D /* TwilinItTests */ = {
			isa = PBXNativeTarget;
			buildConfigurationList = CCC1ED821BC63F9A0050395D /* Build configuration list for PBXNativeTarget "TwilinItTests" */;
			buildPhases = (
				CCC1ED711BC63F9A0050395D /* Sources */,
				CCC1ED721BC63F9A0050395D /* Frameworks */,
				CCC1ED731BC63F9A0050395D /* Resources */,
			);
			buildRules = (
			);
			dependencies = (
				CCC1ED771BC63F9A0050395D /* PBXTargetDependency */,
			);
			name = TwilinItTests;
			productName = TwilinItTests;
			productReference = CCC1ED751BC63F9A0050395D /* TwilinItTests.xctest */;
			productType = "com.apple.product-type.bundle.unit-test";
		};
/* End PBXNativeTarget section */

/* Begin PBXProject section */
		CCC1ED541BC63F9A0050395D /* Project object */ = {
			isa = PBXProject;
			attributes = {
				LastUpgradeCheck = 0640;
				ORGANIZATIONNAME = "Manav Kohli";
				TargetAttributes = {
					CCC1ED5B1BC63F9A0050395D = {
						CreatedOnToolsVersion = 6.4;
					};
					CCC1ED741BC63F9A0050395D = {
						CreatedOnToolsVersion = 6.4;
						TestTargetID = CCC1ED5B1BC63F9A0050395D;
					};
				};
			};
			buildConfigurationList = CCC1ED571BC63F9A0050395D /* Build configuration list for PBXProject "TwilinIt" */;
			compatibilityVersion = "Xcode 3.2";
			developmentRegion = English;
			hasScannedForEncodings = 0;
			knownRegions = (
				en,
				Base,
			);
			mainGroup = CCC1ED531BC63F9A0050395D;
			productRefGroup = CCC1ED5D1BC63F9A0050395D /* Products */;
			projectDirPath = "";
			projectRoot = "";
			targets = (
				CCC1ED5B1BC63F9A0050395D /* TwilinIt */,
				CCC1ED741BC63F9A0050395D /* TwilinItTests */,
			);
		};
/* End PBXProject section */

/* Begin PBXResourcesBuildPhase section */
		CCC1ED5A1BC63F9A0050395D /* Resources */ = {
			isa = PBXResourcesBuildPhase;
			buildActionMask = 2147483647;
			files = (
				CCC1ED6B1BC63F9A0050395D /* Main.storyboard in Resources */,
				CCC1ED701BC63F9A0050395D /* LaunchScreen.xib in Resources */,
				CCC1ED6D1BC63F9A0050395D /* Images.xcassets in Resources */,
			);
			runOnlyForDeploymentPostprocessing = 0;
		};
		CCC1ED731BC63F9A0050395D /* Resources */ = {
			isa = PBXResourcesBuildPhase;
			buildActionMask = 2147483647;
			files = (
			);
			runOnlyForDeploymentPostprocessing = 0;
		};
/* End PBXResourcesBuildPhase section */

/* Begin PBXSourcesBuildPhase section */
		CCC1ED581BC63F9A0050395D /* Sources */ = {
			isa = PBXSourcesBuildPhase;
			buildActionMask = 2147483647;
			files = (
				CCC1ED681BC63F9A0050395D /* ViewController.m in Sources */,
				CCC1ED651BC63F9A0050395D /* AppDelegate.m in Sources */,
				CCC1ED621BC63F9A0050395D /* main.m in Sources */,
			);
			runOnlyForDeploymentPostprocessing = 0;
		};
		CCC1ED711BC63F9A0050395D /* Sources */ = {
			isa = PBXSourcesBuildPhase;
			buildActionMask = 2147483647;
			files = (
				CCC1ED7C1BC63F9A0050395D /* TwilinItTests.m in Sources */,
			);
			runOnlyForDeploymentPostprocessing = 0;
		};
/* End PBXSourcesBuildPhase section */

/* Begin PBXTargetDependency section */
		CCC1ED771BC63F9A0050395D /* PBXTargetDependency */ = {
			isa = PBXTargetDependency;
			target = CCC1ED5B1BC63F9A0050395D /* TwilinIt */;
			targetProxy = CCC1ED761BC63F9A0050395D /* PBXContainerItemProxy */;
		};
/* End PBXTargetDependency section */

/* Begin PBXVariantGroup section */
		CCC1ED691BC63F9A0050395D /* Main.storyboard */ = {
			isa = PBXVariantGroup;
			children = (
				CCC1ED6A1BC63F9A0050395D /* Base */,
			);
			name = Main.storyboard;
			sourceTree = "<group>";
		};
		CCC1ED6E1BC63F9A0050395D /* LaunchScreen.xib */ = {
			isa = PBXVariantGroup;
			children = (
				CCC1ED6F1BC63F9A0050395D /* Base */,
			);
			name = LaunchScreen.xib;
			sourceTree = "<group>";
		};
/* End PBXVariantGroup section */

/* Begin XCBuildConfiguration section */
		CCC1ED7D1BC63F9A0050395D /* Debug */ = {
			isa = XCBuildConfiguration;
			buildSettings = {
				ALWAYS_SEARCH_USER_PATHS = NO;
				CLANG_CXX_LANGUAGE_STANDARD = "gnu++0x";
				CLANG_CXX_LIBRARY = "libc++";
				CLANG_ENABLE_MODULES = YES;
				CLANG_ENABLE_OBJC_ARC = YES;
				CLANG_WARN_BOOL_CONVERSION = YES;
				CLANG_WARN_CONSTANT_CONVERSION = YES;
				CLANG_WARN_DIRECT_OBJC_ISA_USAGE = YES_ERROR;
				CLANG_WARN_EMPTY_BODY = YES;
				CLANG_WARN_ENUM_CONVERSION = YES;
				CLANG_WARN_INT_CONVERSION = YES;
				CLANG_WARN_OBJC_ROOT_CLASS = YES_ERROR;
				CLANG_WARN_UNREACHABLE_CODE = YES;
				CLANG_WARN__DUPLICATE_METHOD_MATCH = YES;
				"CODE_SIGN_IDENTITY[sdk=iphoneos*]" = "iPhone Developer";
				COPY_PHASE_STRIP = NO;
				DEBUG_INFORMATION_FORMAT = "dwarf-with-dsym";
				ENABLE_STRICT_OBJC_MSGSEND = YES;
				GCC_C_LANGUAGE_STANDARD = gnu99;
				GCC_DYNAMIC_NO_PIC = NO;
				GCC_NO_COMMON_BLOCKS = YES;
				GCC_OPTIMIZATION_LEVEL = 0;
				GCC_PREPROCESSOR_DEFINITIONS = (
					"DEBUG=1",
					"$(inherited)",
				);
				GCC_SYMBOLS_PRIVATE_EXTERN = NO;
				GCC_WARN_64_TO_32_BIT_CONVERSION = YES;
				GCC_WARN_ABOUT_RETURN_TYPE = YES_ERROR;
				GCC_WARN_UNDECLARED_SELECTOR = YES;
				GCC_WARN_UNINITIALIZED_AUTOS = YES_AGGRESSIVE;
				GCC_WARN_UNUSED_FUNCTION = YES;
				GCC_WARN_UNUSED_VARIABLE = YES;
				IPHONEOS_DEPLOYMENT_TARGET = 8.4;
				MTL_ENABLE_DEBUG_INFO = YES;
				ONLY_ACTIVE_ARCH = YES;
				SDKROOT = iphoneos;
				TARGETED_DEVICE_FAMILY = "1,2";
			};
			name = Debug;
		};
		CCC1ED7E1BC63F9A0050395D /* Release */ = {
			isa = XCBuildConfiguration;
			buildSettings = {
				ALWAYS_SEARCH_USER_PATHS = NO;
				CLANG_CXX_LANGUAGE_STANDARD = "gnu++0x";
				CLANG_CXX_LIBRARY = "libc++";
				CLANG_ENABLE_MODULES = YES;
				CLANG_ENABLE_OBJC_ARC = YES;
				CLANG_WARN_BOOL_CONVERSION = YES;
				CLANG_WARN_CONSTANT_CONVERSION = YES;
				CLANG_WARN_DIRECT_OBJC_ISA_USAGE = YES_ERROR;
				CLANG_WARN_EMPTY_BODY = YES;
				CLANG_WARN_ENUM_CONVERSION = YES;
				CLANG_WARN_INT_CONVERSION = YES;
				CLANG_WARN_OBJC_ROOT_CLASS = YES_ERROR;
				CLANG_WARN_UNREACHABLE_CODE = YES;
				CLANG_WARN__DUPLICATE_METHOD_MATCH = YES;
				"CODE_SIGN_IDENTITY[sdk=iphoneos*]" = "iPhone Developer";
				COPY_PHASE_STRIP = NO;
				DEBUG_INFORMATION_FORMAT = "dwarf-with-dsym";
				ENABLE_NS_ASSERTIONS = NO;
				ENABLE_STRICT_OBJC_MSGSEND = YES;
				GCC_C_LANGUAGE_STANDARD = gnu99;
				GCC_NO_COMMON_BLOCKS = YES;
				GCC_WARN_64_TO_32_BIT_CONVERSION = YES;
				GCC_WARN_ABOUT_RETURN_TYPE = YES_ERROR;
				GCC_WARN_UNDECLARED_SELECTOR = YES;
				GCC_WARN_UNINITIALIZED_AUTOS = YES_AGGRESSIVE;
				GCC_WARN_UNUSED_FUNCTION = YES;
				GCC_WARN_UNUSED_VARIABLE = YES;
				IPHONEOS_DEPLOYMENT_TARGET = 8.4;
				MTL_ENABLE_DEBUG_INFO = NO;
				SDKROOT = iphoneos;
				TARGETED_DEVICE_FAMILY = "1,2";
				VALIDATE_PRODUCT = YES;
			};
			name = Release;
		};
		CCC1ED801BC63F9A0050395D /* Debug */ = {
			isa = XCBuildConfiguration;
			buildSettings = {
				ASSETCATALOG_COMPILER_APPICON_NAME = AppIcon;
				INFOPLIST_FILE = TwilinIt/Info.plist;
				LD_RUNPATH_SEARCH_PATHS = "$(inherited) @executable_path/Frameworks";
				PRODUCT_NAME = "$(TARGET_NAME)";
			};
			name = Debug;
		};
		CCC1ED811BC63F9A0050395D /* Release */ = {
			isa = XCBuildConfiguration;
			buildSettings = {
				ASSETCATALOG_COMPILER_APPICON_NAME = AppIcon;
				INFOPLIST_FILE = TwilinIt/Info.plist;
				LD_RUNPATH_SEARCH_PATHS = "$(inherited) @executable_path/Frameworks";
				PRODUCT_NAME = "$(TARGET_NAME)";
			};
			name = Release;
		};
		CCC1ED831BC63F9A0050395D /* Debug */ = {
			isa = XCBuildConfiguration;
			buildSettings = {
				BUNDLE_LOADER = "$(TEST_HOST)";
				FRAMEWORK_SEARCH_PATHS = (
					"$(SDKROOT)/Developer/Library/Frameworks",
					"$(inherited)",
				);
				GCC_PREPROCESSOR_DEFINITIONS = (
					"DEBUG=1",
					"$(inherited)",
				);
				INFOPLIST_FILE = TwilinItTests/Info.plist;
				LD_RUNPATH_SEARCH_PATHS = "$(inherited) @executable_path/Frameworks @loader_path/Frameworks";
				PRODUCT_NAME = "$(TARGET_NAME)";
				TEST_HOST = "$(BUILT_PRODUCTS_DIR)/TwilinIt.app/TwilinIt";
			};
			name = Debug;
		};
		CCC1ED841BC63F9A0050395D /* Release */ = {
			isa = XCBuildConfiguration;
			buildSettings = {
				BUNDLE_LOADER = "$(TEST_HOST)";
				FRAMEWORK_SEARCH_PATHS = (
					"$(SDKROOT)/Developer/Library/Frameworks",
					"$(inherited)",
				);
				INFOPLIST_FILE = TwilinItTests/Info.plist;
				LD_RUNPATH_SEARCH_PATHS = "$(inherited) @executable_path/Frameworks @loader_path/Frameworks";
				PRODUCT_NAME = "$(TARGET_NAME)";
				TEST_HOST = "$(BUILT_PRODUCTS_DIR)/TwilinIt.app/TwilinIt";
			};
			name = Release;
		};
/* End XCBuildConfiguration section */

/* Begin XCConfigurationList section */
		CCC1ED571BC63F9A0050395D /* Build configuration list for PBXProject "TwilinIt" */ = {
			isa = XCConfigurationList;
			buildConfigurations = (
				CCC1ED7D1BC63F9A0050395D /* Debug */,
				CCC1ED7E1BC63F9A0050395D /* Release */,
			);
			defaultConfigurationIsVisible = 0;
			defaultConfigurationName = Release;
		};
		CCC1ED7F1BC63F9A0050395D /* Build configuration list for PBXNativeTarget "TwilinIt" */ = {
			isa = XCConfigurationList;
			buildConfigurations = (
				CCC1ED801BC63F9A0050395D /* Debug */,
				CCC1ED811BC63F9A0050395D /* Release */,
			);
			defaultConfigurationIsVisible = 0;
		};
		CCC1ED821BC63F9A0050395D /* Build configuration list for PBXNativeTarget "TwilinItTests" */ = {
			isa = XCConfigurationList;
			buildConfigurations = (
				CCC1ED831BC63F9A0050395D /* Debug */,
				CCC1ED841BC63F9A0050395D /* Release */,
			);
			defaultConfigurationIsVisible = 0;
		};
/* End XCConfigurationList section */
	};
	rootObject = CCC1ED541BC63F9A0050395D /* Project object */;
}
